// !$*UTF8*$!
{
	archiveVersion = 1;
	classes = {
	};
	objectVersion = 56;
	objects = {

/* Begin PBXBuildFile section */
		B500D2DE2C22C85A001E132C /* Gendut.swift in Sources */ = {isa = PBXBuildFile; fileRef = B500D2DD2C22C85A001E132C /* Gendut.swift */; };
		B500D2E02C22C867001E132C /* Kecil.swift in Sources */ = {isa = PBXBuildFile; fileRef = B500D2DF2C22C867001E132C /* Kecil.swift */; };
		B500D2E42C22CAE2001E132C /* SpriteKitHelper.swift in Sources */ = {isa = PBXBuildFile; fileRef = B500D2E32C22CAE2001E132C /* SpriteKitHelper.swift */; };
		B5881C7F2C1C3FCA0015C913 /* AppDelegate.swift in Sources */ = {isa = PBXBuildFile; fileRef = B5881C7E2C1C3FCA0015C913 /* AppDelegate.swift */; };
		B5881C812C1C3FCA0015C913 /* GameScene.sks in Resources */ = {isa = PBXBuildFile; fileRef = B5881C802C1C3FCA0015C913 /* GameScene.sks */; };
		B5881C832C1C3FCA0015C913 /* Actions.sks in Resources */ = {isa = PBXBuildFile; fileRef = B5881C822C1C3FCA0015C913 /* Actions.sks */; };
		B5881C852C1C3FCA0015C913 /* GameScene.swift in Sources */ = {isa = PBXBuildFile; fileRef = B5881C842C1C3FCA0015C913 /* GameScene.swift */; };
		B5881C872C1C3FCA0015C913 /* ViewController.swift in Sources */ = {isa = PBXBuildFile; fileRef = B5881C862C1C3FCA0015C913 /* ViewController.swift */; };
		B5881C892C1C3FCB0015C913 /* Assets.xcassets in Resources */ = {isa = PBXBuildFile; fileRef = B5881C882C1C3FCB0015C913 /* Assets.xcassets */; };
		B5881C8C2C1C3FCB0015C913 /* Main.storyboard in Resources */ = {isa = PBXBuildFile; fileRef = B5881C8A2C1C3FCB0015C913 /* Main.storyboard */; };
		B5AC12762C24215400D350C7 /* Handler.swift in Sources */ = {isa = PBXBuildFile; fileRef = B5AC12752C24215400D350C7 /* Handler.swift */; };
		B5AC12782C24219000D350C7 /* MenuScene.swift in Sources */ = {isa = PBXBuildFile; fileRef = B5AC12772C24219000D350C7 /* MenuScene.swift */; };
		F8B991AA2C254BE3004AC3CF /* Movement 2.swift in Sources */ = {isa = PBXBuildFile; fileRef = F8B991A92C254BE3004AC3CF /* Movement 2.swift */; };
		F8B991AE2C26D7E7004AC3CF /* OutOfBound.swift in Sources */ = {isa = PBXBuildFile; fileRef = F8B991AD2C26D7D2004AC3CF /* OutOfBound.swift */; };
		F8B991B22C26DEFA004AC3CF /* Canon_Left.swift in Sources */ = {isa = PBXBuildFile; fileRef = F8B991B12C26DEF3004AC3CF /* Canon_Left.swift */; };
		F8B991B42C26E57D004AC3CF /* GameScenePhysicsDelegate.swift in Sources */ = {isa = PBXBuildFile; fileRef = F8B991B32C26E571004AC3CF /* GameScenePhysicsDelegate.swift */; };
		F8B991B82C26F265004AC3CF /* Canon_Right.swift in Sources */ = {isa = PBXBuildFile; fileRef = F8B991B72C26F262004AC3CF /* Canon_Right.swift */; };
		F8B991BB2C2816E9004AC3CF /* Bos.swift in Sources */ = {isa = PBXBuildFile; fileRef = F8B991BA2C2816E8004AC3CF /* Bos.swift */; };
/* End PBXBuildFile section */

/* Begin PBXFileReference section */
		B500D2DD2C22C85A001E132C /* Gendut.swift */ = {isa = PBXFileReference; lastKnownFileType = sourcecode.swift; path = Gendut.swift; sourceTree = "<group>"; };
		B500D2DF2C22C867001E132C /* Kecil.swift */ = {isa = PBXFileReference; lastKnownFileType = sourcecode.swift; path = Kecil.swift; sourceTree = "<group>"; };
		B500D2E32C22CAE2001E132C /* SpriteKitHelper.swift */ = {isa = PBXFileReference; lastKnownFileType = sourcecode.swift; path = SpriteKitHelper.swift; sourceTree = "<group>"; };
		B5881C7B2C1C3FCA0015C913 /* MonkGames.app */ = {isa = PBXFileReference; explicitFileType = wrapper.application; includeInIndex = 0; path = MonkGames.app; sourceTree = BUILT_PRODUCTS_DIR; };
		B5881C7E2C1C3FCA0015C913 /* AppDelegate.swift */ = {isa = PBXFileReference; lastKnownFileType = sourcecode.swift; path = AppDelegate.swift; sourceTree = "<group>"; };
		B5881C802C1C3FCA0015C913 /* GameScene.sks */ = {isa = PBXFileReference; lastKnownFileType = file.sks; path = GameScene.sks; sourceTree = "<group>"; };
		B5881C822C1C3FCA0015C913 /* Actions.sks */ = {isa = PBXFileReference; lastKnownFileType = file.sks; path = Actions.sks; sourceTree = "<group>"; };
		B5881C842C1C3FCA0015C913 /* GameScene.swift */ = {isa = PBXFileReference; lastKnownFileType = sourcecode.swift; path = GameScene.swift; sourceTree = "<group>"; };
		B5881C862C1C3FCA0015C913 /* ViewController.swift */ = {isa = PBXFileReference; lastKnownFileType = sourcecode.swift; path = ViewController.swift; sourceTree = "<group>"; };
		B5881C882C1C3FCB0015C913 /* Assets.xcassets */ = {isa = PBXFileReference; lastKnownFileType = folder.assetcatalog; path = Assets.xcassets; sourceTree = "<group>"; };
		B5881C8B2C1C3FCB0015C913 /* Base */ = {isa = PBXFileReference; lastKnownFileType = file.storyboard; name = Base; path = Base.lproj/Main.storyboard; sourceTree = "<group>"; };
		B5881C8D2C1C3FCB0015C913 /* MonkGames.entitlements */ = {isa = PBXFileReference; lastKnownFileType = text.plist.entitlements; path = MonkGames.entitlements; sourceTree = "<group>"; };
		B5AC12752C24215400D350C7 /* Handler.swift */ = {isa = PBXFileReference; lastKnownFileType = sourcecode.swift; path = Handler.swift; sourceTree = "<group>"; };
		B5AC12772C24219000D350C7 /* MenuScene.swift */ = {isa = PBXFileReference; lastKnownFileType = sourcecode.swift; path = MenuScene.swift; sourceTree = "<group>"; };
		F8B991A92C254BE3004AC3CF /* Movement 2.swift */ = {isa = PBXFileReference; lastKnownFileType = sourcecode.swift; path = "Movement 2.swift"; sourceTree = "<group>"; };
		F8B991AD2C26D7D2004AC3CF /* OutOfBound.swift */ = {isa = PBXFileReference; lastKnownFileType = sourcecode.swift; path = OutOfBound.swift; sourceTree = "<group>"; };
		F8B991B12C26DEF3004AC3CF /* Canon_Left.swift */ = {isa = PBXFileReference; lastKnownFileType = sourcecode.swift; path = Canon_Left.swift; sourceTree = "<group>"; };
		F8B991B32C26E571004AC3CF /* GameScenePhysicsDelegate.swift */ = {isa = PBXFileReference; lastKnownFileType = sourcecode.swift; path = GameScenePhysicsDelegate.swift; sourceTree = "<group>"; };
		F8B991B72C26F262004AC3CF /* Canon_Right.swift */ = {isa = PBXFileReference; lastKnownFileType = sourcecode.swift; path = Canon_Right.swift; sourceTree = "<group>"; };
		F8B991BA2C2816E8004AC3CF /* Bos.swift */ = {isa = PBXFileReference; lastKnownFileType = sourcecode.swift; path = Bos.swift; sourceTree = "<group>"; };
/* End PBXFileReference section */

/* Begin PBXFrameworksBuildPhase section */
		B5881C782C1C3FCA0015C913 /* Frameworks */ = {
			isa = PBXFrameworksBuildPhase;
			buildActionMask = 2147483647;
			files = (
			);
			runOnlyForDeploymentPostprocessing = 0;
		};
/* End PBXFrameworksBuildPhase section */

/* Begin PBXGroup section */
		B500D2E22C22C884001E132C /* MainChar */ = {
			isa = PBXGroup;
			children = (
				F8B991BA2C2816E8004AC3CF /* Bos.swift */,
				B500D2DD2C22C85A001E132C /* Gendut.swift */,
				B500D2DF2C22C867001E132C /* Kecil.swift */,
			);
			path = MainChar;
			sourceTree = "<group>";
		};
		B5881C722C1C3FCA0015C913 = {
			isa = PBXGroup;
			children = (
				B5881C7D2C1C3FCA0015C913 /* MonkGames */,
				B5881C7C2C1C3FCA0015C913 /* Products */,
			);
			sourceTree = "<group>";
		};
		B5881C7C2C1C3FCA0015C913 /* Products */ = {
			isa = PBXGroup;
			children = (
				B5881C7B2C1C3FCA0015C913 /* MonkGames.app */,
			);
			name = Products;
			sourceTree = "<group>";
		};
		B5881C7D2C1C3FCA0015C913 /* MonkGames */ = {
			isa = PBXGroup;
			children = (
				B5AC12772C24219000D350C7 /* MenuScene.swift */,
				B5881C7E2C1C3FCA0015C913 /* AppDelegate.swift */,
				B5881C802C1C3FCA0015C913 /* GameScene.sks */,
				B5881C822C1C3FCA0015C913 /* Actions.sks */,
				B5881C842C1C3FCA0015C913 /* GameScene.swift */,
				F8B991AD2C26D7D2004AC3CF /* OutOfBound.swift */,
				F8B991A92C254BE3004AC3CF /* Movement 2.swift */,
				B5AC12752C24215400D350C7 /* Handler.swift */,
				F8B991B32C26E571004AC3CF /* GameScenePhysicsDelegate.swift */,
				F8B991B92C2816C5004AC3CF /* Canon */,
				B500D2E22C22C884001E132C /* MainChar */,
				B500D2E32C22CAE2001E132C /* SpriteKitHelper.swift */,
				B5881C862C1C3FCA0015C913 /* ViewController.swift */,
				B5881C882C1C3FCB0015C913 /* Assets.xcassets */,
				B5881C8A2C1C3FCB0015C913 /* Main.storyboard */,
				B5881C8D2C1C3FCB0015C913 /* MonkGames.entitlements */,
			);
			path = MonkGames;
			sourceTree = "<group>";
		};
		F8B991B92C2816C5004AC3CF /* Canon */ = {
			isa = PBXGroup;
			children = (
				F8B991B12C26DEF3004AC3CF /* Canon_Left.swift */,
				F8B991B72C26F262004AC3CF /* Canon_Right.swift */,
			);
			path = Canon;
			sourceTree = "<group>";
		};
/* End PBXGroup section */

/* Begin PBXNativeTarget section */
		B5881C7A2C1C3FCA0015C913 /* MonkGames */ = {
			isa = PBXNativeTarget;
			buildConfigurationList = B5881C902C1C3FCB0015C913 /* Build configuration list for PBXNativeTarget "MonkGames" */;
			buildPhases = (
				B5881C772C1C3FCA0015C913 /* Sources */,
				B5881C782C1C3FCA0015C913 /* Frameworks */,
				B5881C792C1C3FCA0015C913 /* Resources */,
			);
			buildRules = (
			);
			dependencies = (
			);
			name = MonkGames;
			productName = MonkGames;
			productReference = B5881C7B2C1C3FCA0015C913 /* MonkGames.app */;
			productType = "com.apple.product-type.application";
		};
/* End PBXNativeTarget section */

/* Begin PBXProject section */
		B5881C732C1C3FCA0015C913 /* Project object */ = {
			isa = PBXProject;
			attributes = {
				BuildIndependentTargetsInParallel = 1;
				LastSwiftUpdateCheck = 1520;
				LastUpgradeCheck = 1600;
				TargetAttributes = {
					B5881C7A2C1C3FCA0015C913 = {
						CreatedOnToolsVersion = 15.2;
					};
				};
			};
			buildConfigurationList = B5881C762C1C3FCA0015C913 /* Build configuration list for PBXProject "MonkGames" */;
			compatibilityVersion = "Xcode 14.0";
			developmentRegion = en;
			hasScannedForEncodings = 0;
			knownRegions = (
				en,
				Base,
			);
			mainGroup = B5881C722C1C3FCA0015C913;
			productRefGroup = B5881C7C2C1C3FCA0015C913 /* Products */;
			projectDirPath = "";
			projectRoot = "";
			targets = (
				B5881C7A2C1C3FCA0015C913 /* MonkGames */,
			);
		};
/* End PBXProject section */

/* Begin PBXResourcesBuildPhase section */
		B5881C792C1C3FCA0015C913 /* Resources */ = {
			isa = PBXResourcesBuildPhase;
			buildActionMask = 2147483647;
			files = (
				B5881C812C1C3FCA0015C913 /* GameScene.sks in Resources */,
				B5881C892C1C3FCB0015C913 /* Assets.xcassets in Resources */,
				B5881C832C1C3FCA0015C913 /* Actions.sks in Resources */,
				B5881C8C2C1C3FCB0015C913 /* Main.storyboard in Resources */,
			);
			runOnlyForDeploymentPostprocessing = 0;
		};
/* End PBXResourcesBuildPhase section */

/* Begin PBXSourcesBuildPhase section */
		B5881C772C1C3FCA0015C913 /* Sources */ = {
			isa = PBXSourcesBuildPhase;
			buildActionMask = 2147483647;
			files = (
				F8B991AE2C26D7E7004AC3CF /* OutOfBound.swift in Sources */,
				B5AC12762C24215400D350C7 /* Handler.swift in Sources */,
				B5881C872C1C3FCA0015C913 /* ViewController.swift in Sources */,
				B500D2E42C22CAE2001E132C /* SpriteKitHelper.swift in Sources */,
				F8B991BB2C2816E9004AC3CF /* Bos.swift in Sources */,
				F8B991B82C26F265004AC3CF /* Canon_Right.swift in Sources */,
				B5881C852C1C3FCA0015C913 /* GameScene.swift in Sources */,
				B500D2E02C22C867001E132C /* Kecil.swift in Sources */,
				B5AC12782C24219000D350C7 /* MenuScene.swift in Sources */,
				B500D2DE2C22C85A001E132C /* Gendut.swift in Sources */,
				F8B991AA2C254BE3004AC3CF /* Movement 2.swift in Sources */,
				B5881C7F2C1C3FCA0015C913 /* AppDelegate.swift in Sources */,
				F8B991B22C26DEFA004AC3CF /* Canon_Left.swift in Sources */,
				F8B991B42C26E57D004AC3CF /* GameScenePhysicsDelegate.swift in Sources */,
			);
			runOnlyForDeploymentPostprocessing = 0;
		};
/* End PBXSourcesBuildPhase section */

/* Begin PBXVariantGroup section */
		B5881C8A2C1C3FCB0015C913 /* Main.storyboard */ = {
			isa = PBXVariantGroup;
			children = (
				B5881C8B2C1C3FCB0015C913 /* Base */,
			);
			name = Main.storyboard;
			sourceTree = "<group>";
		};
/* End PBXVariantGroup section */

/* Begin XCBuildConfiguration section */
		B5881C8E2C1C3FCB0015C913 /* Debug */ = {
			isa = XCBuildConfiguration;
			buildSettings = {
				ALWAYS_SEARCH_USER_PATHS = NO;
				ASSETCATALOG_COMPILER_GENERATE_SWIFT_ASSET_SYMBOL_EXTENSIONS = YES;
				CLANG_ANALYZER_NONNULL = YES;
				CLANG_ANALYZER_NUMBER_OBJECT_CONVERSION = YES_AGGRESSIVE;
				CLANG_CXX_LANGUAGE_STANDARD = "gnu++20";
				CLANG_ENABLE_MODULES = YES;
				CLANG_ENABLE_OBJC_ARC = YES;
				CLANG_ENABLE_OBJC_WEAK = YES;
				CLANG_WARN_BLOCK_CAPTURE_AUTORELEASING = YES;
				CLANG_WARN_BOOL_CONVERSION = YES;
				CLANG_WARN_COMMA = YES;
				CLANG_WARN_CONSTANT_CONVERSION = YES;
				CLANG_WARN_DEPRECATED_OBJC_IMPLEMENTATIONS = YES;
				CLANG_WARN_DIRECT_OBJC_ISA_USAGE = YES_ERROR;
				CLANG_WARN_DOCUMENTATION_COMMENTS = YES;
				CLANG_WARN_EMPTY_BODY = YES;
				CLANG_WARN_ENUM_CONVERSION = YES;
				CLANG_WARN_INFINITE_RECURSION = YES;
				CLANG_WARN_INT_CONVERSION = YES;
				CLANG_WARN_NON_LITERAL_NULL_CONVERSION = YES;
				CLANG_WARN_OBJC_IMPLICIT_RETAIN_SELF = YES;
				CLANG_WARN_OBJC_LITERAL_CONVERSION = YES;
				CLANG_WARN_OBJC_ROOT_CLASS = YES_ERROR;
				CLANG_WARN_QUOTED_INCLUDE_IN_FRAMEWORK_HEADER = YES;
				CLANG_WARN_RANGE_LOOP_ANALYSIS = YES;
				CLANG_WARN_STRICT_PROTOTYPES = YES;
				CLANG_WARN_SUSPICIOUS_MOVE = YES;
				CLANG_WARN_UNGUARDED_AVAILABILITY = YES_AGGRESSIVE;
				CLANG_WARN_UNREACHABLE_CODE = YES;
				CLANG_WARN__DUPLICATE_METHOD_MATCH = YES;
				COPY_PHASE_STRIP = NO;
				DEAD_CODE_STRIPPING = YES;
				DEBUG_INFORMATION_FORMAT = dwarf;
				ENABLE_STRICT_OBJC_MSGSEND = YES;
				ENABLE_TESTABILITY = YES;
				ENABLE_USER_SCRIPT_SANDBOXING = YES;
				GCC_C_LANGUAGE_STANDARD = gnu17;
				GCC_DYNAMIC_NO_PIC = NO;
				GCC_NO_COMMON_BLOCKS = YES;
				GCC_OPTIMIZATION_LEVEL = 0;
				GCC_PREPROCESSOR_DEFINITIONS = (
					"DEBUG=1",
					"$(inherited)",
				);
				GCC_WARN_64_TO_32_BIT_CONVERSION = YES;
				GCC_WARN_ABOUT_RETURN_TYPE = YES_ERROR;
				GCC_WARN_UNDECLARED_SELECTOR = YES;
				GCC_WARN_UNINITIALIZED_AUTOS = YES_AGGRESSIVE;
				GCC_WARN_UNUSED_FUNCTION = YES;
				GCC_WARN_UNUSED_VARIABLE = YES;
				LOCALIZATION_PREFERS_STRING_CATALOGS = YES;
				MACOSX_DEPLOYMENT_TARGET = 14.2;
				MTL_ENABLE_DEBUG_INFO = INCLUDE_SOURCE;
				MTL_FAST_MATH = YES;
				ONLY_ACTIVE_ARCH = YES;
				SDKROOT = macosx;
				SWIFT_ACTIVE_COMPILATION_CONDITIONS = "DEBUG $(inherited)";
				SWIFT_OPTIMIZATION_LEVEL = "-Onone";
			};
			name = Debug;
		};
		B5881C8F2C1C3FCB0015C913 /* Release */ = {
			isa = XCBuildConfiguration;
			buildSettings = {
				ALWAYS_SEARCH_USER_PATHS = NO;
				ASSETCATALOG_COMPILER_GENERATE_SWIFT_ASSET_SYMBOL_EXTENSIONS = YES;
				CLANG_ANALYZER_NONNULL = YES;
				CLANG_ANALYZER_NUMBER_OBJECT_CONVERSION = YES_AGGRESSIVE;
				CLANG_CXX_LANGUAGE_STANDARD = "gnu++20";
				CLANG_ENABLE_MODULES = YES;
				CLANG_ENABLE_OBJC_ARC = YES;
				CLANG_ENABLE_OBJC_WEAK = YES;
				CLANG_WARN_BLOCK_CAPTURE_AUTORELEASING = YES;
				CLANG_WARN_BOOL_CONVERSION = YES;
				CLANG_WARN_COMMA = YES;
				CLANG_WARN_CONSTANT_CONVERSION = YES;
				CLANG_WARN_DEPRECATED_OBJC_IMPLEMENTATIONS = YES;
				CLANG_WARN_DIRECT_OBJC_ISA_USAGE = YES_ERROR;
				CLANG_WARN_DOCUMENTATION_COMMENTS = YES;
				CLANG_WARN_EMPTY_BODY = YES;
				CLANG_WARN_ENUM_CONVERSION = YES;
				CLANG_WARN_INFINITE_RECURSION = YES;
				CLANG_WARN_INT_CONVERSION = YES;
				CLANG_WARN_NON_LITERAL_NULL_CONVERSION = YES;
				CLANG_WARN_OBJC_IMPLICIT_RETAIN_SELF = YES;
				CLANG_WARN_OBJC_LITERAL_CONVERSION = YES;
				CLANG_WARN_OBJC_ROOT_CLASS = YES_ERROR;
				CLANG_WARN_QUOTED_INCLUDE_IN_FRAMEWORK_HEADER = YES;
				CLANG_WARN_RANGE_LOOP_ANALYSIS = YES;
				CLANG_WARN_STRICT_PROTOTYPES = YES;
				CLANG_WARN_SUSPICIOUS_MOVE = YES;
				CLANG_WARN_UNGUARDED_AVAILABILITY = YES_AGGRESSIVE;
				CLANG_WARN_UNREACHABLE_CODE = YES;
				CLANG_WARN__DUPLICATE_METHOD_MATCH = YES;
				COPY_PHASE_STRIP = NO;
				DEAD_CODE_STRIPPING = YES;
				DEBUG_INFORMATION_FORMAT = "dwarf-with-dsym";
				ENABLE_NS_ASSERTIONS = NO;
				ENABLE_STRICT_OBJC_MSGSEND = YES;
				ENABLE_USER_SCRIPT_SANDBOXING = YES;
				GCC_C_LANGUAGE_STANDARD = gnu17;
				GCC_NO_COMMON_BLOCKS = YES;
				GCC_WARN_64_TO_32_BIT_CONVERSION = YES;
				GCC_WARN_ABOUT_RETURN_TYPE = YES_ERROR;
				GCC_WARN_UNDECLARED_SELECTOR = YES;
				GCC_WARN_UNINITIALIZED_AUTOS = YES_AGGRESSIVE;
				GCC_WARN_UNUSED_FUNCTION = YES;
				GCC_WARN_UNUSED_VARIABLE = YES;
				LOCALIZATION_PREFERS_STRING_CATALOGS = YES;
				MACOSX_DEPLOYMENT_TARGET = 14.2;
				MTL_ENABLE_DEBUG_INFO = NO;
				MTL_FAST_MATH = YES;
				SDKROOT = macosx;
				SWIFT_COMPILATION_MODE = wholemodule;
			};
			name = Release;
		};
		B5881C912C1C3FCB0015C913 /* Debug */ = {
			isa = XCBuildConfiguration;
			buildSettings = {
				ASSETCATALOG_COMPILER_APPICON_NAME = AppIcon;
				ASSETCATALOG_COMPILER_GLOBAL_ACCENT_COLOR_NAME = AccentColor;
				CODE_SIGN_ENTITLEMENTS = MonkGames/MonkGames.entitlements;
				CODE_SIGN_STYLE = Automatic;
				COMBINE_HIDPI_IMAGES = YES;
				CURRENT_PROJECT_VERSION = 1;
				DEAD_CODE_STRIPPING = YES;
				DEVELOPMENT_TEAM = FSN9NYGU93;
				ENABLE_HARDENED_RUNTIME = YES;
				GENERATE_INFOPLIST_FILE = YES;
				INFOPLIST_KEY_NSHumanReadableCopyright = "";
				INFOPLIST_KEY_NSMainStoryboardFile = Main;
				INFOPLIST_KEY_NSPrincipalClass = NSApplication;
				LD_RUNPATH_SEARCH_PATHS = (
					"$(inherited)",
					"@executable_path/../Frameworks",
				);
				MACOSX_DEPLOYMENT_TARGET = 14.1;
				MARKETING_VERSION = 1.0;
				PRODUCT_BUNDLE_IDENTIFIER = "com.example.apple-samplecode.MonkGames";
				PRODUCT_NAME = "$(TARGET_NAME)";
				SWIFT_EMIT_LOC_STRINGS = YES;
				SWIFT_VERSION = 5.0;
			};
			name = Debug;
		};
		B5881C922C1C3FCB0015C913 /* Release */ = {
			isa = XCBuildConfiguration;
			buildSettings = {
				ASSETCATALOG_COMPILER_APPICON_NAME = AppIcon;
				ASSETCATALOG_COMPILER_GLOBAL_ACCENT_COLOR_NAME = AccentColor;
				CODE_SIGN_ENTITLEMENTS = MonkGames/MonkGames.entitlements;
				CODE_SIGN_STYLE = Automatic;
				COMBINE_HIDPI_IMAGES = YES;
				CURRENT_PROJECT_VERSION = 1;
				DEAD_CODE_STRIPPING = YES;
				DEVELOPMENT_TEAM = FSN9NYGU93;
				ENABLE_HARDENED_RUNTIME = YES;
				GENERATE_INFOPLIST_FILE = YES;
				INFOPLIST_KEY_NSHumanReadableCopyright = "";
				INFOPLIST_KEY_NSMainStoryboardFile = Main;
				INFOPLIST_KEY_NSPrincipalClass = NSApplication;
				LD_RUNPATH_SEARCH_PATHS = (
					"$(inherited)",
					"@executable_path/../Frameworks",
				);
				MACOSX_DEPLOYMENT_TARGET = 14.1;
				MARKETING_VERSION = 1.0;
				PRODUCT_BUNDLE_IDENTIFIER = "com.example.apple-samplecode.MonkGames";
				PRODUCT_NAME = "$(TARGET_NAME)";
				SWIFT_EMIT_LOC_STRINGS = YES;
				SWIFT_VERSION = 5.0;
			};
			name = Release;
		};
/* End XCBuildConfiguration section */

/* Begin XCConfigurationList section */
		B5881C762C1C3FCA0015C913 /* Build configuration list for PBXProject "MonkGames" */ = {
			isa = XCConfigurationList;
			buildConfigurations = (
				B5881C8E2C1C3FCB0015C913 /* Debug */,
				B5881C8F2C1C3FCB0015C913 /* Release */,
			);
			defaultConfigurationIsVisible = 0;
			defaultConfigurationName = Release;
		};
		B5881C902C1C3FCB0015C913 /* Build configuration list for PBXNativeTarget "MonkGames" */ = {
			isa = XCConfigurationList;
			buildConfigurations = (
				B5881C912C1C3FCB0015C913 /* Debug */,
				B5881C922C1C3FCB0015C913 /* Release */,
			);
			defaultConfigurationIsVisible = 0;
			defaultConfigurationName = Release;
		};
/* End XCConfigurationList section */
	};
	rootObject = B5881C732C1C3FCA0015C913 /* Project object */;
}
